
Microsoft Visual Studio Solution File, Format Version 12.00
# Visual Studio Version 16
VisualStudioVersion = 16.0.31112.23
MinimumVisualStudioVersion = 10.0.40219.1
Project("{9A19103F-16F7-4668-BE54-9A1E7A4F7556}") = "LXLDevHelper", "LXLDevHelper\LXLDevHelper.csproj", "{2D282383-181B-4852-A793-1C1307B593A9}"
EndProject
Project("{FAE04EC0-301F-11D3-BF4B-00C04F79EFBC}") = "LXLDevHelperBuilder", "LXLDevHelperBuilder\LXLDevHelperBuilder.csproj", "{875D98E8-2C6E-4551-BE19-0AD1B4E77177}"
EndProject
Global
	GlobalSection(SolutionConfigurationPlatforms) = preSolution
		Debug|Any CPU = Debug|Any CPU
		Release|Any CPU = Release|Any CPU
	EndGlobalSection
	GlobalSection(ProjectConfigurationPlatforms) = postSolution
		{2D282383-181B-4852-A793-1C1307B593A9}.Debug|Any CPU.ActiveCfg = Debug|Any CPU
		{2D282383-181B-4852-A793-1C1307B593A9}.Debug|Any CPU.Build.0 = Debug|Any CPU
		{2D282383-181B-4852-A793-1C1307B593A9}.Release|Any CPU.ActiveCfg = Release|Any CPU
		{2D282383-181B-4852-A793-1C1307B593A9}.Release|Any CPU.Build.0 = Release|Any CPU
		{875D98E8-2C6E-4551-BE19-0AD1B4E77177}.Debug|Any CPU.ActiveCfg = Debug|Any CPU
		{875D98E8-2C6E-4551-BE19-0AD1B4E77177}.Debug|Any CPU.Build.0 = Debug|Any CPU
		{875D98E8-2C6E-4551-BE19-0AD1B4E77177}.Release|Any CPU.ActiveCfg = Release|Any CPU
		{875D98E8-2C6E-4551-BE19-0AD1B4E77177}.Release|Any CPU.Build.0 = Release|Any CPU
	EndGlobalSection
	GlobalSection(SolutionProperties) = preSolution
		HideSolutionNode = FALSE
	EndGlobalSection
	GlobalSection(ExtensibilityGlobals) = postSolution
		SolutionGuid = {6C7E58CC-08FE-4DA5-9E6C-02E92CEAA2DE}
	EndGlobalSection
EndGlobal
